
Microsoft Visual Studio Solution File, Format Version 12.00
# Visual Studio 2012
Project("{FAE04EC0-301F-11D3-BF4B-00C04F79EFBC}") = "CrossPlatformApp", "CrossPlatformApp\CrossPlatformApp\CrossPlatformApp.csproj", "{78345843-4709-41E0-8590-1413D635C5C2}"
EndProject
Project("{FAE04EC0-301F-11D3-BF4B-00C04F79EFBC}") = "CrossPlatformApp.iOS", "CrossPlatformApp\CrossPlatformApp.iOS\CrossPlatformApp.iOS.csproj", "{139A8A47-2153-46CE-AB8E-D07C10CF54E4}"
EndProject
Project("{FAE04EC0-301F-11D3-BF4B-00C04F79EFBC}") = "CrossPlatformApp.Droid", "CrossPlatformApp\CrossPlatformApp.Droid\CrossPlatformApp.Droid.csproj", "{41DE425B-2703-4B3E-949D-D0D98D76B368}"
EndProject
Global
	GlobalSection(SolutionConfigurationPlatforms) = preSolution
		Ad-Hoc|Any CPU = Ad-Hoc|Any CPU
		Ad-Hoc|iPhone = Ad-Hoc|iPhone
		Ad-Hoc|iPhoneSimulator = Ad-Hoc|iPhoneSimulator
		Ad-Hoc|Mixed Platforms = Ad-Hoc|Mixed Platforms
		AppStore|Any CPU = AppStore|Any CPU
		AppStore|iPhone = AppStore|iPhone
		AppStore|iPhoneSimulator = AppStore|iPhoneSimulator
		AppStore|Mixed Platforms = AppStore|Mixed Platforms
		Debug|Any CPU = Debug|Any CPU
		Debug|iPhone = Debug|iPhone
		Debug|iPhoneSimulator = Debug|iPhoneSimulator
		Debug|Mixed Platforms = Debug|Mixed Platforms
		Release|Any CPU = Release|Any CPU
		Release|iPhone = Release|iPhone
		Release|iPhoneSimulator = Release|iPhoneSimulator
		Release|Mixed Platforms = Release|Mixed Platforms
	EndGlobalSection
	GlobalSection(ProjectConfigurationPlatforms) = postSolution
		{78345843-4709-41E0-8590-1413D635C5C2}.Ad-Hoc|Any CPU.ActiveCfg = Release|Any CPU
		{78345843-4709-41E0-8590-1413D635C5C2}.Ad-Hoc|Any CPU.Build.0 = Release|Any CPU
		{78345843-4709-41E0-8590-1413D635C5C2}.Ad-Hoc|iPhone.ActiveCfg = Release|Any CPU
		{78345843-4709-41E0-8590-1413D635C5C2}.Ad-Hoc|iPhoneSimulator.ActiveCfg = Release|Any CPU
		{78345843-4709-41E0-8590-1413D635C5C2}.Ad-Hoc|Mixed Platforms.ActiveCfg = Release|Any CPU
		{78345843-4709-41E0-8590-1413D635C5C2}.Ad-Hoc|Mixed Platforms.Build.0 = Release|Any CPU
		{78345843-4709-41E0-8590-1413D635C5C2}.AppStore|Any CPU.ActiveCfg = Release|Any CPU
		{78345843-4709-41E0-8590-1413D635C5C2}.AppStore|Any CPU.Build.0 = Release|Any CPU
		{78345843-4709-41E0-8590-1413D635C5C2}.AppStore|iPhone.ActiveCfg = Release|Any CPU
		{78345843-4709-41E0-8590-1413D635C5C2}.AppStore|iPhoneSimulator.ActiveCfg = Release|Any CPU
		{78345843-4709-41E0-8590-1413D635C5C2}.AppStore|Mixed Platforms.ActiveCfg = Release|Any CPU
		{78345843-4709-41E0-8590-1413D635C5C2}.AppStore|Mixed Platforms.Build.0 = Release|Any CPU
		{78345843-4709-41E0-8590-1413D635C5C2}.Debug|Any CPU.ActiveCfg = Debug|Any CPU
		{78345843-4709-41E0-8590-1413D635C5C2}.Debug|Any CPU.Build.0 = Debug|Any CPU
		{78345843-4709-41E0-8590-1413D635C5C2}.Debug|iPhone.ActiveCfg = Debug|Any CPU
		{78345843-4709-41E0-8590-1413D635C5C2}.Debug|iPhoneSimulator.ActiveCfg = Debug|Any CPU
		{78345843-4709-41E0-8590-1413D635C5C2}.Debug|Mixed Platforms.ActiveCfg = Debug|Any CPU
		{78345843-4709-41E0-8590-1413D635C5C2}.Debug|Mixed Platforms.Build.0 = Debug|Any CPU
		{78345843-4709-41E0-8590-1413D635C5C2}.Release|Any CPU.ActiveCfg = Release|Any CPU
		{78345843-4709-41E0-8590-1413D635C5C2}.Release|Any CPU.Build.0 = Release|Any CPU
		{78345843-4709-41E0-8590-1413D635C5C2}.Release|iPhone.ActiveCfg = Release|Any CPU
		{78345843-4709-41E0-8590-1413D635C5C2}.Release|iPhoneSimulator.ActiveCfg = Release|Any CPU
		{78345843-4709-41E0-8590-1413D635C5C2}.Release|Mixed Platforms.ActiveCfg = Release|Any CPU
		{78345843-4709-41E0-8590-1413D635C5C2}.Release|Mixed Platforms.Build.0 = Release|Any CPU
		{139A8A47-2153-46CE-AB8E-D07C10CF54E4}.Ad-Hoc|Any CPU.ActiveCfg = Ad-Hoc|iPhone
		{139A8A47-2153-46CE-AB8E-D07C10CF54E4}.Ad-Hoc|iPhone.ActiveCfg = Ad-Hoc|iPhone
		{139A8A47-2153-46CE-AB8E-D07C10CF54E4}.Ad-Hoc|iPhone.Build.0 = Ad-Hoc|iPhone
		{139A8A47-2153-46CE-AB8E-D07C10CF54E4}.Ad-Hoc|iPhoneSimulator.ActiveCfg = Ad-Hoc|iPhoneSimulator
		{139A8A47-2153-46CE-AB8E-D07C10CF54E4}.Ad-Hoc|iPhoneSimulator.Build.0 = Ad-Hoc|iPhoneSimulator
		{139A8A47-2153-46CE-AB8E-D07C10CF54E4}.Ad-Hoc|Mixed Platforms.ActiveCfg = Ad-Hoc|iPhone
		{139A8A47-2153-46CE-AB8E-D07C10CF54E4}.Ad-Hoc|Mixed Platforms.Build.0 = Ad-Hoc|iPhone
		{139A8A47-2153-46CE-AB8E-D07C10CF54E4}.AppStore|Any CPU.ActiveCfg = AppStore|iPhone
		{139A8A47-2153-46CE-AB8E-D07C10CF54E4}.AppStore|iPhone.ActiveCfg = AppStore|iPhone
		{139A8A47-2153-46CE-AB8E-D07C10CF54E4}.AppStore|iPhone.Build.0 = AppStore|iPhone
		{139A8A47-2153-46CE-AB8E-D07C10CF54E4}.AppStore|iPhoneSimulator.ActiveCfg = AppStore|iPhoneSimulator
		{139A8A47-2153-46CE-AB8E-D07C10CF54E4}.AppStore|iPhoneSimulator.Build.0 = AppStore|iPhoneSimulator
		{139A8A47-2153-46CE-AB8E-D07C10CF54E4}.AppStore|Mixed Platforms.ActiveCfg = AppStore|iPhone
		{139A8A47-2153-46CE-AB8E-D07C10CF54E4}.AppStore|Mixed Platforms.Build.0 = AppStore|iPhone
		{139A8A47-2153-46CE-AB8E-D07C10CF54E4}.Debug|Any CPU.ActiveCfg = Debug|iPhone
		{139A8A47-2153-46CE-AB8E-D07C10CF54E4}.Debug|iPhone.ActiveCfg = Debug|iPhone
		{139A8A47-2153-46CE-AB8E-D07C10CF54E4}.Debug|iPhone.Build.0 = Debug|iPhone
		{139A8A47-2153-46CE-AB8E-D07C10CF54E4}.Debug|iPhoneSimulator.ActiveCfg = Debug|iPhoneSimulator
		{139A8A47-2153-46CE-AB8E-D07C10CF54E4}.Debug|iPhoneSimulator.Build.0 = Debug|iPhoneSimulator
		{139A8A47-2153-46CE-AB8E-D07C10CF54E4}.Debug|Mixed Platforms.ActiveCfg = Debug|iPhone
		{139A8A47-2153-46CE-AB8E-D07C10CF54E4}.Debug|Mixed Platforms.Build.0 = Debug|iPhone
		{139A8A47-2153-46CE-AB8E-D07C10CF54E4}.Release|Any CPU.ActiveCfg = Release|iPhone
		{139A8A47-2153-46CE-AB8E-D07C10CF54E4}.Release|iPhone.ActiveCfg = Release|iPhone
		{139A8A47-2153-46CE-AB8E-D07C10CF54E4}.Release|iPhone.Build.0 = Release|iPhone
		{139A8A47-2153-46CE-AB8E-D07C10CF54E4}.Release|iPhoneSimulator.ActiveCfg = Release|iPhoneSimulator
		{139A8A47-2153-46CE-AB8E-D07C10CF54E4}.Release|iPhoneSimulator.Build.0 = Release|iPhoneSimulator
		{139A8A47-2153-46CE-AB8E-D07C10CF54E4}.Release|Mixed Platforms.ActiveCfg = Release|iPhone
		{139A8A47-2153-46CE-AB8E-D07C10CF54E4}.Release|Mixed Platforms.Build.0 = Release|iPhone
		{41DE425B-2703-4B3E-949D-D0D98D76B368}.Ad-Hoc|Any CPU.ActiveCfg = Release|Any CPU
		{41DE425B-2703-4B3E-949D-D0D98D76B368}.Ad-Hoc|Any CPU.Build.0 = Release|Any CPU
		{41DE425B-2703-4B3E-949D-D0D98D76B368}.Ad-Hoc|Any CPU.Deploy.0 = Release|Any CPU
		{41DE425B-2703-4B3E-949D-D0D98D76B368}.Ad-Hoc|iPhone.ActiveCfg = Release|Any CPU
		{41DE425B-2703-4B3E-949D-D0D98D76B368}.Ad-Hoc|iPhoneSimulator.ActiveCfg = Release|Any CPU
		{41DE425B-2703-4B3E-949D-D0D98D76B368}.Ad-Hoc|Mixed Platforms.ActiveCfg = Release|Any CPU
		{41DE425B-2703-4B3E-949D-D0D98D76B368}.Ad-Hoc|Mixed Platforms.Build.0 = Release|Any CPU
		{41DE425B-2703-4B3E-949D-D0D98D76B368}.Ad-Hoc|Mixed Platforms.Deploy.0 = Release|Any CPU
		{41DE425B-2703-4B3E-949D-D0D98D76B368}.AppStore|Any CPU.ActiveCfg = Release|Any CPU
		{41DE425B-2703-4B3E-949D-D0D98D76B368}.AppStore|Any CPU.Build.0 = Release|Any CPU
		{41DE425B-2703-4B3E-949D-D0D98D76B368}.AppStore|Any CPU.Deploy.0 = Release|Any CPU
		{41DE425B-2703-4B3E-949D-D0D98D76B368}.AppStore|iPhone.ActiveCfg = Release|Any CPU
		{41DE425B-2703-4B3E-949D-D0D98D76B368}.AppStore|iPhoneSimulator.ActiveCfg = Release|Any CPU
		{41DE425B-2703-4B3E-949D-D0D98D76B368}.AppStore|Mixed Platforms.ActiveCfg = Release|Any CPU
		{41DE425B-2703-4B3E-949D-D0D98D76B368}.AppStore|Mixed Platforms.Build.0 = Release|Any CPU
		{41DE425B-2703-4B3E-949D-D0D98D76B368}.AppStore|Mixed Platforms.Deploy.0 = Release|Any CPU
		{41DE425B-2703-4B3E-949D-D0D98D76B368}.Debug|Any CPU.ActiveCfg = Debug|Any CPU
		{41DE425B-2703-4B3E-949D-D0D98D76B368}.Debug|Any CPU.Build.0 = Debug|Any CPU
		{41DE425B-2703-4B3E-949D-D0D98D76B368}.Debug|Any CPU.Deploy.0 = Debug|Any CPU
		{41DE425B-2703-4B3E-949D-D0D98D76B368}.Debug|iPhone.ActiveCfg = Debug|Any CPU
		{41DE425B-2703-4B3E-949D-D0D98D76B368}.Debug|iPhoneSimulator.ActiveCfg = Debug|Any CPU
		{41DE425B-2703-4B3E-949D-D0D98D76B368}.Debug|Mixed Platforms.ActiveCfg = Debug|Any CPU
		{41DE425B-2703-4B3E-949D-D0D98D76B368}.Debug|Mixed Platforms.Build.0 = Debug|Any CPU
		{41DE425B-2703-4B3E-949D-D0D98D76B368}.Debug|Mixed Platforms.Deploy.0 = Debug|Any CPU
		{41DE425B-2703-4B3E-949D-D0D98D76B368}.Release|Any CPU.ActiveCfg = Release|Any CPU
		{41DE425B-2703-4B3E-949D-D0D98D76B368}.Release|Any CPU.Build.0 = Release|Any CPU
		{41DE425B-2703-4B3E-949D-D0D98D76B368}.Release|Any CPU.Deploy.0 = Release|Any CPU
		{41DE425B-2703-4B3E-949D-D0D98D76B368}.Release|iPhone.ActiveCfg = Release|Any CPU
		{41DE425B-2703-4B3E-949D-D0D98D76B368}.Release|iPhoneSimulator.ActiveCfg = Release|Any CPU
		{41DE425B-2703-4B3E-949D-D0D98D76B368}.Release|Mixed Platforms.ActiveCfg = Release|Any CPU
		{41DE425B-2703-4B3E-949D-D0D98D76B368}.Release|Mixed Platforms.Build.0 = Release|Any CPU
		{41DE425B-2703-4B3E-949D-D0D98D76B368}.Release|Mixed Platforms.Deploy.0 = Release|Any CPU
	EndGlobalSection
	GlobalSection(SolutionProperties) = preSolution
		HideSolutionNode = FALSE
	EndGlobalSection
EndGlobal
