
Microsoft Visual Studio Solution File, Format Version 12.00
# Visual Studio 2012
Project("{FAE04EC0-301F-11D3-BF4B-00C04F79EFBC}") = "CrossPlatformApp", "CrossPlatformApp\CrossPlatformApp\CrossPlatformApp.csproj", "{43C8ED40-BA11-4AC4-BC5A-52188BA407F9}"
EndProject
Project("{FAE04EC0-301F-11D3-BF4B-00C04F79EFBC}") = "CrossPlatformApp.iOS", "CrossPlatformApp\CrossPlatformApp.iOS\CrossPlatformApp.iOS.csproj", "{0DF1720B-AB05-47DE-9813-3CD878463412}"
EndProject
Project("{FAE04EC0-301F-11D3-BF4B-00C04F79EFBC}") = "CrossPlatformApp.Droid", "CrossPlatformApp\CrossPlatformApp.Droid\CrossPlatformApp.Droid.csproj", "{C0012770-781B-409F-9703-36786AF16D10}"
EndProject
Project("{2150E333-8FDC-42A3-9474-1A3956D46DE8}") = "Platform Projects", "Platform Projects", "{FFD4EBE1-1916-40E5-A543-D2D17FF3163C}"
EndProject
Project("{FAE04EC0-301F-11D3-BF4B-00C04F79EFBC}") = "Shared.Infrastructure", "Shared\Shared.Infrastructure.csproj", "{67F9D3A8-F71E-4428-913F-C37AE82CDB24}"
EndProject
Project("{2150E333-8FDC-42A3-9474-1A3956D46DE8}") = ".nuget", ".nuget", "{44BE900F-9650-433D-87BD-7BB0D5DA5A11}"
	ProjectSection(SolutionItems) = preProject
		.nuget\NuGet.Config = .nuget\NuGet.Config
		.nuget\NuGet.exe = .nuget\NuGet.exe
		.nuget\NuGet.targets = .nuget\NuGet.targets
	EndProjectSection
EndProject
Project("{FAE04EC0-301F-11D3-BF4B-00C04F79EFBC}") = "Shared.Core", "Shared.Core\Shared.Core.csproj", "{2EC9B5F5-45D7-459B-8DC0-E340CA446D6E}"
EndProject
Project("{FAE04EC0-301F-11D3-BF4B-00C04F79EFBC}") = "Shared.WebServices", "Shared.WebServices\Shared.WebServices.csproj", "{45352643-AEF4-4413-9085-BC723B900866}"
EndProject
Global
	GlobalSection(SolutionConfigurationPlatforms) = preSolution
		Ad-Hoc|Any CPU = Ad-Hoc|Any CPU
		Ad-Hoc|iPhone = Ad-Hoc|iPhone
		Ad-Hoc|iPhoneSimulator = Ad-Hoc|iPhoneSimulator
		Ad-Hoc|Mixed Platforms = Ad-Hoc|Mixed Platforms
		AppStore|Any CPU = AppStore|Any CPU
		AppStore|iPhone = AppStore|iPhone
		AppStore|iPhoneSimulator = AppStore|iPhoneSimulator
		AppStore|Mixed Platforms = AppStore|Mixed Platforms
		Debug|Any CPU = Debug|Any CPU
		Debug|iPhone = Debug|iPhone
		Debug|iPhoneSimulator = Debug|iPhoneSimulator
		Debug|Mixed Platforms = Debug|Mixed Platforms
		Release|Any CPU = Release|Any CPU
		Release|iPhone = Release|iPhone
		Release|iPhoneSimulator = Release|iPhoneSimulator
		Release|Mixed Platforms = Release|Mixed Platforms
	EndGlobalSection
	GlobalSection(ProjectConfigurationPlatforms) = postSolution
		{43C8ED40-BA11-4AC4-BC5A-52188BA407F9}.Ad-Hoc|Any CPU.ActiveCfg = Release|Any CPU
		{43C8ED40-BA11-4AC4-BC5A-52188BA407F9}.Ad-Hoc|Any CPU.Build.0 = Release|Any CPU
		{43C8ED40-BA11-4AC4-BC5A-52188BA407F9}.Ad-Hoc|iPhone.ActiveCfg = Release|Any CPU
		{43C8ED40-BA11-4AC4-BC5A-52188BA407F9}.Ad-Hoc|iPhoneSimulator.ActiveCfg = Release|Any CPU
		{43C8ED40-BA11-4AC4-BC5A-52188BA407F9}.Ad-Hoc|Mixed Platforms.ActiveCfg = Release|Any CPU
		{43C8ED40-BA11-4AC4-BC5A-52188BA407F9}.Ad-Hoc|Mixed Platforms.Build.0 = Release|Any CPU
		{43C8ED40-BA11-4AC4-BC5A-52188BA407F9}.AppStore|Any CPU.ActiveCfg = Release|Any CPU
		{43C8ED40-BA11-4AC4-BC5A-52188BA407F9}.AppStore|Any CPU.Build.0 = Release|Any CPU
		{43C8ED40-BA11-4AC4-BC5A-52188BA407F9}.AppStore|iPhone.ActiveCfg = Release|Any CPU
		{43C8ED40-BA11-4AC4-BC5A-52188BA407F9}.AppStore|iPhoneSimulator.ActiveCfg = Release|Any CPU
		{43C8ED40-BA11-4AC4-BC5A-52188BA407F9}.AppStore|Mixed Platforms.ActiveCfg = Release|Any CPU
		{43C8ED40-BA11-4AC4-BC5A-52188BA407F9}.AppStore|Mixed Platforms.Build.0 = Release|Any CPU
		{43C8ED40-BA11-4AC4-BC5A-52188BA407F9}.Debug|Any CPU.ActiveCfg = Debug|Any CPU
		{43C8ED40-BA11-4AC4-BC5A-52188BA407F9}.Debug|Any CPU.Build.0 = Debug|Any CPU
		{43C8ED40-BA11-4AC4-BC5A-52188BA407F9}.Debug|iPhone.ActiveCfg = Debug|Any CPU
		{43C8ED40-BA11-4AC4-BC5A-52188BA407F9}.Debug|iPhoneSimulator.ActiveCfg = Debug|Any CPU
		{43C8ED40-BA11-4AC4-BC5A-52188BA407F9}.Debug|Mixed Platforms.ActiveCfg = Debug|Any CPU
		{43C8ED40-BA11-4AC4-BC5A-52188BA407F9}.Debug|Mixed Platforms.Build.0 = Debug|Any CPU
		{43C8ED40-BA11-4AC4-BC5A-52188BA407F9}.Release|Any CPU.ActiveCfg = Release|Any CPU
		{43C8ED40-BA11-4AC4-BC5A-52188BA407F9}.Release|Any CPU.Build.0 = Release|Any CPU
		{43C8ED40-BA11-4AC4-BC5A-52188BA407F9}.Release|iPhone.ActiveCfg = Release|Any CPU
		{43C8ED40-BA11-4AC4-BC5A-52188BA407F9}.Release|iPhoneSimulator.ActiveCfg = Release|Any CPU
		{43C8ED40-BA11-4AC4-BC5A-52188BA407F9}.Release|Mixed Platforms.ActiveCfg = Release|Any CPU
		{43C8ED40-BA11-4AC4-BC5A-52188BA407F9}.Release|Mixed Platforms.Build.0 = Release|Any CPU
		{0DF1720B-AB05-47DE-9813-3CD878463412}.Ad-Hoc|Any CPU.ActiveCfg = Ad-Hoc|iPhone
		{0DF1720B-AB05-47DE-9813-3CD878463412}.Ad-Hoc|iPhone.ActiveCfg = Ad-Hoc|iPhone
		{0DF1720B-AB05-47DE-9813-3CD878463412}.Ad-Hoc|iPhone.Build.0 = Ad-Hoc|iPhone
		{0DF1720B-AB05-47DE-9813-3CD878463412}.Ad-Hoc|iPhoneSimulator.ActiveCfg = Ad-Hoc|iPhoneSimulator
		{0DF1720B-AB05-47DE-9813-3CD878463412}.Ad-Hoc|iPhoneSimulator.Build.0 = Ad-Hoc|iPhoneSimulator
		{0DF1720B-AB05-47DE-9813-3CD878463412}.Ad-Hoc|Mixed Platforms.ActiveCfg = Ad-Hoc|iPhone
		{0DF1720B-AB05-47DE-9813-3CD878463412}.Ad-Hoc|Mixed Platforms.Build.0 = Ad-Hoc|iPhone
		{0DF1720B-AB05-47DE-9813-3CD878463412}.AppStore|Any CPU.ActiveCfg = AppStore|iPhone
		{0DF1720B-AB05-47DE-9813-3CD878463412}.AppStore|iPhone.ActiveCfg = AppStore|iPhone
		{0DF1720B-AB05-47DE-9813-3CD878463412}.AppStore|iPhone.Build.0 = AppStore|iPhone
		{0DF1720B-AB05-47DE-9813-3CD878463412}.AppStore|iPhoneSimulator.ActiveCfg = AppStore|iPhoneSimulator
		{0DF1720B-AB05-47DE-9813-3CD878463412}.AppStore|iPhoneSimulator.Build.0 = AppStore|iPhoneSimulator
		{0DF1720B-AB05-47DE-9813-3CD878463412}.AppStore|Mixed Platforms.ActiveCfg = AppStore|iPhone
		{0DF1720B-AB05-47DE-9813-3CD878463412}.AppStore|Mixed Platforms.Build.0 = AppStore|iPhone
		{0DF1720B-AB05-47DE-9813-3CD878463412}.Debug|Any CPU.ActiveCfg = Debug|iPhone
		{0DF1720B-AB05-47DE-9813-3CD878463412}.Debug|iPhone.ActiveCfg = Debug|iPhone
		{0DF1720B-AB05-47DE-9813-3CD878463412}.Debug|iPhone.Build.0 = Debug|iPhone
		{0DF1720B-AB05-47DE-9813-3CD878463412}.Debug|iPhoneSimulator.ActiveCfg = Debug|iPhoneSimulator
		{0DF1720B-AB05-47DE-9813-3CD878463412}.Debug|iPhoneSimulator.Build.0 = Debug|iPhoneSimulator
		{0DF1720B-AB05-47DE-9813-3CD878463412}.Debug|Mixed Platforms.ActiveCfg = Debug|iPhone
		{0DF1720B-AB05-47DE-9813-3CD878463412}.Debug|Mixed Platforms.Build.0 = Debug|iPhone
		{0DF1720B-AB05-47DE-9813-3CD878463412}.Release|Any CPU.ActiveCfg = Release|iPhone
		{0DF1720B-AB05-47DE-9813-3CD878463412}.Release|iPhone.ActiveCfg = Release|iPhone
		{0DF1720B-AB05-47DE-9813-3CD878463412}.Release|iPhone.Build.0 = Release|iPhone
		{0DF1720B-AB05-47DE-9813-3CD878463412}.Release|iPhoneSimulator.ActiveCfg = Release|iPhoneSimulator
		{0DF1720B-AB05-47DE-9813-3CD878463412}.Release|iPhoneSimulator.Build.0 = Release|iPhoneSimulator
		{0DF1720B-AB05-47DE-9813-3CD878463412}.Release|Mixed Platforms.ActiveCfg = Release|iPhone
		{0DF1720B-AB05-47DE-9813-3CD878463412}.Release|Mixed Platforms.Build.0 = Release|iPhone
		{C0012770-781B-409F-9703-36786AF16D10}.Ad-Hoc|Any CPU.ActiveCfg = Release|Any CPU
		{C0012770-781B-409F-9703-36786AF16D10}.Ad-Hoc|Any CPU.Build.0 = Release|Any CPU
		{C0012770-781B-409F-9703-36786AF16D10}.Ad-Hoc|Any CPU.Deploy.0 = Release|Any CPU
		{C0012770-781B-409F-9703-36786AF16D10}.Ad-Hoc|iPhone.ActiveCfg = Release|Any CPU
		{C0012770-781B-409F-9703-36786AF16D10}.Ad-Hoc|iPhoneSimulator.ActiveCfg = Release|Any CPU
		{C0012770-781B-409F-9703-36786AF16D10}.Ad-Hoc|Mixed Platforms.ActiveCfg = Release|Any CPU
		{C0012770-781B-409F-9703-36786AF16D10}.Ad-Hoc|Mixed Platforms.Build.0 = Release|Any CPU
		{C0012770-781B-409F-9703-36786AF16D10}.Ad-Hoc|Mixed Platforms.Deploy.0 = Release|Any CPU
		{C0012770-781B-409F-9703-36786AF16D10}.AppStore|Any CPU.ActiveCfg = Release|Any CPU
		{C0012770-781B-409F-9703-36786AF16D10}.AppStore|Any CPU.Build.0 = Release|Any CPU
		{C0012770-781B-409F-9703-36786AF16D10}.AppStore|Any CPU.Deploy.0 = Release|Any CPU
		{C0012770-781B-409F-9703-36786AF16D10}.AppStore|iPhone.ActiveCfg = Release|Any CPU
		{C0012770-781B-409F-9703-36786AF16D10}.AppStore|iPhoneSimulator.ActiveCfg = Release|Any CPU
		{C0012770-781B-409F-9703-36786AF16D10}.AppStore|Mixed Platforms.ActiveCfg = Release|Any CPU
		{C0012770-781B-409F-9703-36786AF16D10}.AppStore|Mixed Platforms.Build.0 = Release|Any CPU
		{C0012770-781B-409F-9703-36786AF16D10}.AppStore|Mixed Platforms.Deploy.0 = Release|Any CPU
		{C0012770-781B-409F-9703-36786AF16D10}.Debug|Any CPU.ActiveCfg = Debug|Any CPU
		{C0012770-781B-409F-9703-36786AF16D10}.Debug|Any CPU.Build.0 = Debug|Any CPU
		{C0012770-781B-409F-9703-36786AF16D10}.Debug|Any CPU.Deploy.0 = Debug|Any CPU
		{C0012770-781B-409F-9703-36786AF16D10}.Debug|iPhone.ActiveCfg = Debug|Any CPU
		{C0012770-781B-409F-9703-36786AF16D10}.Debug|iPhoneSimulator.ActiveCfg = Debug|Any CPU
		{C0012770-781B-409F-9703-36786AF16D10}.Debug|Mixed Platforms.ActiveCfg = Debug|Any CPU
		{C0012770-781B-409F-9703-36786AF16D10}.Debug|Mixed Platforms.Build.0 = Debug|Any CPU
		{C0012770-781B-409F-9703-36786AF16D10}.Debug|Mixed Platforms.Deploy.0 = Debug|Any CPU
		{C0012770-781B-409F-9703-36786AF16D10}.Release|Any CPU.ActiveCfg = Release|Any CPU
		{C0012770-781B-409F-9703-36786AF16D10}.Release|Any CPU.Build.0 = Release|Any CPU
		{C0012770-781B-409F-9703-36786AF16D10}.Release|Any CPU.Deploy.0 = Release|Any CPU
		{C0012770-781B-409F-9703-36786AF16D10}.Release|iPhone.ActiveCfg = Release|Any CPU
		{C0012770-781B-409F-9703-36786AF16D10}.Release|iPhoneSimulator.ActiveCfg = Release|Any CPU
		{C0012770-781B-409F-9703-36786AF16D10}.Release|Mixed Platforms.ActiveCfg = Release|Any CPU
		{C0012770-781B-409F-9703-36786AF16D10}.Release|Mixed Platforms.Build.0 = Release|Any CPU
		{C0012770-781B-409F-9703-36786AF16D10}.Release|Mixed Platforms.Deploy.0 = Release|Any CPU
		{67F9D3A8-F71E-4428-913F-C37AE82CDB24}.Ad-Hoc|Any CPU.ActiveCfg = Release|Any CPU
		{67F9D3A8-F71E-4428-913F-C37AE82CDB24}.Ad-Hoc|Any CPU.Build.0 = Release|Any CPU
		{67F9D3A8-F71E-4428-913F-C37AE82CDB24}.Ad-Hoc|iPhone.ActiveCfg = Release|Any CPU
		{67F9D3A8-F71E-4428-913F-C37AE82CDB24}.Ad-Hoc|iPhoneSimulator.ActiveCfg = Release|Any CPU
		{67F9D3A8-F71E-4428-913F-C37AE82CDB24}.Ad-Hoc|Mixed Platforms.ActiveCfg = Release|Any CPU
		{67F9D3A8-F71E-4428-913F-C37AE82CDB24}.Ad-Hoc|Mixed Platforms.Build.0 = Release|Any CPU
		{67F9D3A8-F71E-4428-913F-C37AE82CDB24}.AppStore|Any CPU.ActiveCfg = Release|Any CPU
		{67F9D3A8-F71E-4428-913F-C37AE82CDB24}.AppStore|Any CPU.Build.0 = Release|Any CPU
		{67F9D3A8-F71E-4428-913F-C37AE82CDB24}.AppStore|iPhone.ActiveCfg = Release|Any CPU
		{67F9D3A8-F71E-4428-913F-C37AE82CDB24}.AppStore|iPhoneSimulator.ActiveCfg = Release|Any CPU
		{67F9D3A8-F71E-4428-913F-C37AE82CDB24}.AppStore|Mixed Platforms.ActiveCfg = Release|Any CPU
		{67F9D3A8-F71E-4428-913F-C37AE82CDB24}.AppStore|Mixed Platforms.Build.0 = Release|Any CPU
		{67F9D3A8-F71E-4428-913F-C37AE82CDB24}.Debug|Any CPU.ActiveCfg = Debug|Any CPU
		{67F9D3A8-F71E-4428-913F-C37AE82CDB24}.Debug|Any CPU.Build.0 = Debug|Any CPU
		{67F9D3A8-F71E-4428-913F-C37AE82CDB24}.Debug|iPhone.ActiveCfg = Debug|Any CPU
		{67F9D3A8-F71E-4428-913F-C37AE82CDB24}.Debug|iPhoneSimulator.ActiveCfg = Debug|Any CPU
		{67F9D3A8-F71E-4428-913F-C37AE82CDB24}.Debug|Mixed Platforms.ActiveCfg = Debug|Any CPU
		{67F9D3A8-F71E-4428-913F-C37AE82CDB24}.Debug|Mixed Platforms.Build.0 = Debug|Any CPU
		{67F9D3A8-F71E-4428-913F-C37AE82CDB24}.Release|Any CPU.ActiveCfg = Release|Any CPU
		{67F9D3A8-F71E-4428-913F-C37AE82CDB24}.Release|Any CPU.Build.0 = Release|Any CPU
		{67F9D3A8-F71E-4428-913F-C37AE82CDB24}.Release|iPhone.ActiveCfg = Release|Any CPU
		{67F9D3A8-F71E-4428-913F-C37AE82CDB24}.Release|iPhoneSimulator.ActiveCfg = Release|Any CPU
		{67F9D3A8-F71E-4428-913F-C37AE82CDB24}.Release|Mixed Platforms.ActiveCfg = Release|Any CPU
		{67F9D3A8-F71E-4428-913F-C37AE82CDB24}.Release|Mixed Platforms.Build.0 = Release|Any CPU
		{2EC9B5F5-45D7-459B-8DC0-E340CA446D6E}.Ad-Hoc|Any CPU.ActiveCfg = Release|Any CPU
		{2EC9B5F5-45D7-459B-8DC0-E340CA446D6E}.Ad-Hoc|Any CPU.Build.0 = Release|Any CPU
		{2EC9B5F5-45D7-459B-8DC0-E340CA446D6E}.Ad-Hoc|iPhone.ActiveCfg = Release|Any CPU
		{2EC9B5F5-45D7-459B-8DC0-E340CA446D6E}.Ad-Hoc|iPhoneSimulator.ActiveCfg = Release|Any CPU
		{2EC9B5F5-45D7-459B-8DC0-E340CA446D6E}.Ad-Hoc|Mixed Platforms.ActiveCfg = Release|Any CPU
		{2EC9B5F5-45D7-459B-8DC0-E340CA446D6E}.Ad-Hoc|Mixed Platforms.Build.0 = Release|Any CPU
		{2EC9B5F5-45D7-459B-8DC0-E340CA446D6E}.AppStore|Any CPU.ActiveCfg = Release|Any CPU
		{2EC9B5F5-45D7-459B-8DC0-E340CA446D6E}.AppStore|Any CPU.Build.0 = Release|Any CPU
		{2EC9B5F5-45D7-459B-8DC0-E340CA446D6E}.AppStore|iPhone.ActiveCfg = Release|Any CPU
		{2EC9B5F5-45D7-459B-8DC0-E340CA446D6E}.AppStore|iPhoneSimulator.ActiveCfg = Release|Any CPU
		{2EC9B5F5-45D7-459B-8DC0-E340CA446D6E}.AppStore|Mixed Platforms.ActiveCfg = Release|Any CPU
		{2EC9B5F5-45D7-459B-8DC0-E340CA446D6E}.AppStore|Mixed Platforms.Build.0 = Release|Any CPU
		{2EC9B5F5-45D7-459B-8DC0-E340CA446D6E}.Debug|Any CPU.ActiveCfg = Debug|Any CPU
		{2EC9B5F5-45D7-459B-8DC0-E340CA446D6E}.Debug|Any CPU.Build.0 = Debug|Any CPU
		{2EC9B5F5-45D7-459B-8DC0-E340CA446D6E}.Debug|iPhone.ActiveCfg = Debug|Any CPU
		{2EC9B5F5-45D7-459B-8DC0-E340CA446D6E}.Debug|iPhoneSimulator.ActiveCfg = Debug|Any CPU
		{2EC9B5F5-45D7-459B-8DC0-E340CA446D6E}.Debug|Mixed Platforms.ActiveCfg = Debug|Any CPU
		{2EC9B5F5-45D7-459B-8DC0-E340CA446D6E}.Debug|Mixed Platforms.Build.0 = Debug|Any CPU
		{2EC9B5F5-45D7-459B-8DC0-E340CA446D6E}.Release|Any CPU.ActiveCfg = Release|Any CPU
		{2EC9B5F5-45D7-459B-8DC0-E340CA446D6E}.Release|Any CPU.Build.0 = Release|Any CPU
		{2EC9B5F5-45D7-459B-8DC0-E340CA446D6E}.Release|iPhone.ActiveCfg = Release|Any CPU
		{2EC9B5F5-45D7-459B-8DC0-E340CA446D6E}.Release|iPhoneSimulator.ActiveCfg = Release|Any CPU
		{2EC9B5F5-45D7-459B-8DC0-E340CA446D6E}.Release|Mixed Platforms.ActiveCfg = Release|Any CPU
		{2EC9B5F5-45D7-459B-8DC0-E340CA446D6E}.Release|Mixed Platforms.Build.0 = Release|Any CPU
		{45352643-AEF4-4413-9085-BC723B900866}.Ad-Hoc|Any CPU.ActiveCfg = Release|Any CPU
		{45352643-AEF4-4413-9085-BC723B900866}.Ad-Hoc|Any CPU.Build.0 = Release|Any CPU
		{45352643-AEF4-4413-9085-BC723B900866}.Ad-Hoc|iPhone.ActiveCfg = Release|Any CPU
		{45352643-AEF4-4413-9085-BC723B900866}.Ad-Hoc|iPhoneSimulator.ActiveCfg = Release|Any CPU
		{45352643-AEF4-4413-9085-BC723B900866}.Ad-Hoc|Mixed Platforms.ActiveCfg = Release|Any CPU
		{45352643-AEF4-4413-9085-BC723B900866}.Ad-Hoc|Mixed Platforms.Build.0 = Release|Any CPU
		{45352643-AEF4-4413-9085-BC723B900866}.AppStore|Any CPU.ActiveCfg = Release|Any CPU
		{45352643-AEF4-4413-9085-BC723B900866}.AppStore|Any CPU.Build.0 = Release|Any CPU
		{45352643-AEF4-4413-9085-BC723B900866}.AppStore|iPhone.ActiveCfg = Release|Any CPU
		{45352643-AEF4-4413-9085-BC723B900866}.AppStore|iPhoneSimulator.ActiveCfg = Release|Any CPU
		{45352643-AEF4-4413-9085-BC723B900866}.AppStore|Mixed Platforms.ActiveCfg = Release|Any CPU
		{45352643-AEF4-4413-9085-BC723B900866}.AppStore|Mixed Platforms.Build.0 = Release|Any CPU
		{45352643-AEF4-4413-9085-BC723B900866}.Debug|Any CPU.ActiveCfg = Debug|Any CPU
		{45352643-AEF4-4413-9085-BC723B900866}.Debug|Any CPU.Build.0 = Debug|Any CPU
		{45352643-AEF4-4413-9085-BC723B900866}.Debug|iPhone.ActiveCfg = Debug|Any CPU
		{45352643-AEF4-4413-9085-BC723B900866}.Debug|iPhoneSimulator.ActiveCfg = Debug|Any CPU
		{45352643-AEF4-4413-9085-BC723B900866}.Debug|Mixed Platforms.ActiveCfg = Debug|Any CPU
		{45352643-AEF4-4413-9085-BC723B900866}.Debug|Mixed Platforms.Build.0 = Debug|Any CPU
		{45352643-AEF4-4413-9085-BC723B900866}.Release|Any CPU.ActiveCfg = Release|Any CPU
		{45352643-AEF4-4413-9085-BC723B900866}.Release|Any CPU.Build.0 = Release|Any CPU
		{45352643-AEF4-4413-9085-BC723B900866}.Release|iPhone.ActiveCfg = Release|Any CPU
		{45352643-AEF4-4413-9085-BC723B900866}.Release|iPhoneSimulator.ActiveCfg = Release|Any CPU
		{45352643-AEF4-4413-9085-BC723B900866}.Release|Mixed Platforms.ActiveCfg = Release|Any CPU
		{45352643-AEF4-4413-9085-BC723B900866}.Release|Mixed Platforms.Build.0 = Release|Any CPU
	EndGlobalSection
	GlobalSection(SolutionProperties) = preSolution
		HideSolutionNode = FALSE
	EndGlobalSection
	GlobalSection(NestedProjects) = preSolution
		{C0012770-781B-409F-9703-36786AF16D10} = {FFD4EBE1-1916-40E5-A543-D2D17FF3163C}
		{0DF1720B-AB05-47DE-9813-3CD878463412} = {FFD4EBE1-1916-40E5-A543-D2D17FF3163C}
	EndGlobalSection
EndGlobal
