
Microsoft Visual Studio Solution File, Format Version 12.00
# Visual Studio 2012
Project("{FAE04EC0-301F-11D3-BF4B-00C04F79EFBC}") = "CrossPlatformApp", "CrossPlatformApp.csproj", "{E6E03B9B-B6E4-46F7-B644-6D540CCDEFDE}"
EndProject
Project("{FAE04EC0-301F-11D3-BF4B-00C04F79EFBC}") = "CrossPlatformApp.Droid", "Droid\CrossPlatformApp.Droid.csproj", "{AD0E53E0-7E10-4787-93A5-E8B162BADABE}"
EndProject
Global
	GlobalSection(SolutionConfigurationPlatforms) = preSolution
		Debug|Any CPU = Debug|Any CPU
		Release|Any CPU = Release|Any CPU
	EndGlobalSection
	GlobalSection(ProjectConfigurationPlatforms) = postSolution
		{AD0E53E0-7E10-4787-93A5-E8B162BADABE}.Debug|Any CPU.ActiveCfg = Debug|Any CPU
		{AD0E53E0-7E10-4787-93A5-E8B162BADABE}.Debug|Any CPU.Build.0 = Debug|Any CPU
		{AD0E53E0-7E10-4787-93A5-E8B162BADABE}.Release|Any CPU.ActiveCfg = Release|Any CPU
		{AD0E53E0-7E10-4787-93A5-E8B162BADABE}.Release|Any CPU.Build.0 = Release|Any CPU
		{E6E03B9B-B6E4-46F7-B644-6D540CCDEFDE}.Debug|Any CPU.ActiveCfg = Debug|Any CPU
		{E6E03B9B-B6E4-46F7-B644-6D540CCDEFDE}.Debug|Any CPU.Build.0 = Debug|Any CPU
		{E6E03B9B-B6E4-46F7-B644-6D540CCDEFDE}.Release|Any CPU.ActiveCfg = Release|Any CPU
		{E6E03B9B-B6E4-46F7-B644-6D540CCDEFDE}.Release|Any CPU.Build.0 = Release|Any CPU
	EndGlobalSection
EndGlobal
